// !$*UTF8*$!
{
	archiveVersion = 1;
	classes = {
	};
	objectVersion = 46;
	objects = {

/* Begin PBXBuildFile section */
		883144916D7ADEE6F5A2521C /* Pods_Ora_Challenge.framework in Frameworks */ = {isa = PBXBuildFile; fileRef = 25C6F1AA05B463CC0120B849 /* Pods_Ora_Challenge.framework */; };
		D923769E1F7023AA007F1C8B /* AppDelegate.swift in Sources */ = {isa = PBXBuildFile; fileRef = D923769D1F7023AA007F1C8B /* AppDelegate.swift */; };
		D92376A01F7023AA007F1C8B /* ViewController.swift in Sources */ = {isa = PBXBuildFile; fileRef = D923769F1F7023AA007F1C8B /* ViewController.swift */; };
		D92376A31F7023AA007F1C8B /* Main.storyboard in Resources */ = {isa = PBXBuildFile; fileRef = D92376A11F7023AA007F1C8B /* Main.storyboard */; };
		D92376A51F7023AA007F1C8B /* Assets.xcassets in Resources */ = {isa = PBXBuildFile; fileRef = D92376A41F7023AA007F1C8B /* Assets.xcassets */; };
		D92376A81F7023AA007F1C8B /* LaunchScreen.storyboard in Resources */ = {isa = PBXBuildFile; fileRef = D92376A61F7023AA007F1C8B /* LaunchScreen.storyboard */; };
		D92376B61F7044B3007F1C8B /* Chat.swift in Sources */ = {isa = PBXBuildFile; fileRef = D92376B51F7044B3007F1C8B /* Chat.swift */; };
		D96C1B651F7047EB004C5B7C /* ChatTableViewCell.swift in Sources */ = {isa = PBXBuildFile; fileRef = D96C1B641F7047EB004C5B7C /* ChatTableViewCell.swift */; };
		D96C1B691F7098BA004C5B7C /* Message.swift in Sources */ = {isa = PBXBuildFile; fileRef = D96C1B681F7098BA004C5B7C /* Message.swift */; };
/* End PBXBuildFile section */

/* Begin PBXFileReference section */
		25C6F1AA05B463CC0120B849 /* Pods_Ora_Challenge.framework */ = {isa = PBXFileReference; explicitFileType = wrapper.framework; includeInIndex = 0; path = Pods_Ora_Challenge.framework; sourceTree = BUILT_PRODUCTS_DIR; };
		35C68BCC390F0A800195D682 /* Pods-Ora Challenge.debug.xcconfig */ = {isa = PBXFileReference; includeInIndex = 1; lastKnownFileType = text.xcconfig; name = "Pods-Ora Challenge.debug.xcconfig"; path = "Pods/Target Support Files/Pods-Ora Challenge/Pods-Ora Challenge.debug.xcconfig"; sourceTree = "<group>"; };
		A521E35F3A0746A7721DF9E9 /* Pods-Ora Challenge.release.xcconfig */ = {isa = PBXFileReference; includeInIndex = 1; lastKnownFileType = text.xcconfig; name = "Pods-Ora Challenge.release.xcconfig"; path = "Pods/Target Support Files/Pods-Ora Challenge/Pods-Ora Challenge.release.xcconfig"; sourceTree = "<group>"; };
		D923769A1F7023AA007F1C8B /* Ora Challenge.app */ = {isa = PBXFileReference; explicitFileType = wrapper.application; includeInIndex = 0; path = "Ora Challenge.app"; sourceTree = BUILT_PRODUCTS_DIR; };
		D923769D1F7023AA007F1C8B /* AppDelegate.swift */ = {isa = PBXFileReference; lastKnownFileType = sourcecode.swift; path = AppDelegate.swift; sourceTree = "<group>"; };
		D923769F1F7023AA007F1C8B /* ViewController.swift */ = {isa = PBXFileReference; lastKnownFileType = sourcecode.swift; path = ViewController.swift; sourceTree = "<group>"; };
		D92376A21F7023AA007F1C8B /* Base */ = {isa = PBXFileReference; lastKnownFileType = file.storyboard; name = Base; path = Base.lproj/Main.storyboard; sourceTree = "<group>"; };
		D92376A41F7023AA007F1C8B /* Assets.xcassets */ = {isa = PBXFileReference; lastKnownFileType = folder.assetcatalog; path = Assets.xcassets; sourceTree = "<group>"; };
		D92376A71F7023AA007F1C8B /* Base */ = {isa = PBXFileReference; lastKnownFileType = file.storyboard; name = Base; path = Base.lproj/LaunchScreen.storyboard; sourceTree = "<group>"; };
		D92376A91F7023AA007F1C8B /* Info.plist */ = {isa = PBXFileReference; lastKnownFileType = text.plist.xml; path = Info.plist; sourceTree = "<group>"; };
		D92376B51F7044B3007F1C8B /* Chat.swift */ = {isa = PBXFileReference; fileEncoding = 4; lastKnownFileType = sourcecode.swift; path = Chat.swift; sourceTree = "<group>"; };
		D96C1B641F7047EB004C5B7C /* ChatTableViewCell.swift */ = {isa = PBXFileReference; fileEncoding = 4; lastKnownFileType = sourcecode.swift; path = ChatTableViewCell.swift; sourceTree = "<group>"; };
		D96C1B681F7098BA004C5B7C /* Message.swift */ = {isa = PBXFileReference; fileEncoding = 4; lastKnownFileType = sourcecode.swift; path = Message.swift; sourceTree = "<group>"; };
/* End PBXFileReference section */

/* Begin PBXFrameworksBuildPhase section */
		D92376971F7023AA007F1C8B /* Frameworks */ = {
			isa = PBXFrameworksBuildPhase;
			buildActionMask = 2147483647;
			files = (
				883144916D7ADEE6F5A2521C /* Pods_Ora_Challenge.framework in Frameworks */,
			);
			runOnlyForDeploymentPostprocessing = 0;
		};
/* End PBXFrameworksBuildPhase section */

/* Begin PBXGroup section */
		279E9AD9F2E16032397ABD3F /* Frameworks */ = {
			isa = PBXGroup;
			children = (
				25C6F1AA05B463CC0120B849 /* Pods_Ora_Challenge.framework */,
			);
			name = Frameworks;
			sourceTree = "<group>";
		};
		6BED7747E8B3EA893CE30986 /* Pods */ = {
			isa = PBXGroup;
			children = (
				35C68BCC390F0A800195D682 /* Pods-Ora Challenge.debug.xcconfig */,
				A521E35F3A0746A7721DF9E9 /* Pods-Ora Challenge.release.xcconfig */,
			);
			name = Pods;
			sourceTree = "<group>";
		};
		D92376911F7023A9007F1C8B = {
			isa = PBXGroup;
			children = (
				D923769C1F7023AA007F1C8B /* Ora Challenge */,
				D923769B1F7023AA007F1C8B /* Products */,
				6BED7747E8B3EA893CE30986 /* Pods */,
				279E9AD9F2E16032397ABD3F /* Frameworks */,
			);
			sourceTree = "<group>";
		};
		D923769B1F7023AA007F1C8B /* Products */ = {
			isa = PBXGroup;
			children = (
				D923769A1F7023AA007F1C8B /* Ora Challenge.app */,
			);
			name = Products;
			sourceTree = "<group>";
		};
		D923769C1F7023AA007F1C8B /* Ora Challenge */ = {
			isa = PBXGroup;
			children = (
				D923769D1F7023AA007F1C8B /* AppDelegate.swift */,
				D92376A91F7023AA007F1C8B /* Info.plist */,
				D92376B41F702FC1007F1C8B /* Model */,
				D92376B31F702FBD007F1C8B /* View */,
				D92376B21F702FB5007F1C8B /* Controller */,
			);
			path = "Ora Challenge";
			sourceTree = "<group>";
		};
		D92376B21F702FB5007F1C8B /* Controller */ = {
			isa = PBXGroup;
			children = (
				D923769F1F7023AA007F1C8B /* ViewController.swift */,
			);
			name = Controller;
			sourceTree = "<group>";
		};
		D92376B31F702FBD007F1C8B /* View */ = {
			isa = PBXGroup;
			children = (
				D92376A11F7023AA007F1C8B /* Main.storyboard */,
				D92376A61F7023AA007F1C8B /* LaunchScreen.storyboard */,
				D92376A41F7023AA007F1C8B /* Assets.xcassets */,
				D96C1B641F7047EB004C5B7C /* ChatTableViewCell.swift */,
			);
			name = View;
			sourceTree = "<group>";
		};
		D92376B41F702FC1007F1C8B /* Model */ = {
			isa = PBXGroup;
			children = (
				D92376B51F7044B3007F1C8B /* Chat.swift */,
				D96C1B681F7098BA004C5B7C /* Message.swift */,
			);
			name = Model;
			sourceTree = "<group>";
		};
/* End PBXGroup section */

/* Begin PBXNativeTarget section */
		D92376991F7023AA007F1C8B /* Ora Challenge */ = {
			isa = PBXNativeTarget;
			buildConfigurationList = D92376AC1F7023AA007F1C8B /* Build configuration list for PBXNativeTarget "Ora Challenge" */;
			buildPhases = (
				E729A199229AF3AC1301CFBA /* [CP] Check Pods Manifest.lock */,
				D92376961F7023AA007F1C8B /* Sources */,
				D92376971F7023AA007F1C8B /* Frameworks */,
				D92376981F7023AA007F1C8B /* Resources */,
				DE35C0800F064AA228442CD1 /* [CP] Embed Pods Frameworks */,
				A85D3F28C42DCC4857099A23 /* [CP] Copy Pods Resources */,
			);
			buildRules = (
			);
			dependencies = (
			);
			name = "Ora Challenge";
			productName = "Ora Challenge";
			productReference = D923769A1F7023AA007F1C8B /* Ora Challenge.app */;
			productType = "com.apple.product-type.application";
		};
/* End PBXNativeTarget section */

/* Begin PBXProject section */
		D92376921F7023A9007F1C8B /* Project object */ = {
			isa = PBXProject;
			attributes = {
				LastSwiftUpdateCheck = 0830;
				LastUpgradeCheck = 0830;
				ORGANIZATIONNAME = Ora;
				TargetAttributes = {
					D92376991F7023AA007F1C8B = {
						CreatedOnToolsVersion = 8.3.3;
						DevelopmentTeam = 57Y2SM9MF7;
						ProvisioningStyle = Automatic;
					};
				};
			};
			buildConfigurationList = D92376951F7023A9007F1C8B /* Build configuration list for PBXProject "Ora Challenge" */;
			compatibilityVersion = "Xcode 3.2";
			developmentRegion = English;
			hasScannedForEncodings = 0;
			knownRegions = (
				en,
				Base,
			);
			mainGroup = D92376911F7023A9007F1C8B;
			productRefGroup = D923769B1F7023AA007F1C8B /* Products */;
			projectDirPath = "";
			projectRoot = "";
			targets = (
				D92376991F7023AA007F1C8B /* Ora Challenge */,
			);
		};
/* End PBXProject section */

/* Begin PBXResourcesBuildPhase section */
		D92376981F7023AA007F1C8B /* Resources */ = {
			isa = PBXResourcesBuildPhase;
			buildActionMask = 2147483647;
			files = (
				D92376A81F7023AA007F1C8B /* LaunchScreen.storyboard in Resources */,
				D92376A51F7023AA007F1C8B /* Assets.xcassets in Resources */,
				D92376A31F7023AA007F1C8B /* Main.storyboard in Resources */,
			);
			runOnlyForDeploymentPostprocessing = 0;
		};
/* End PBXResourcesBuildPhase section */

/* Begin PBXShellScriptBuildPhase section */
		A85D3F28C42DCC4857099A23 /* [CP] Copy Pods Resources */ = {
			isa = PBXShellScriptBuildPhase;
			buildActionMask = 2147483647;
			files = (
			);
			inputPaths = (
			);
			name = "[CP] Copy Pods Resources";
			outputPaths = (
			);
			runOnlyForDeploymentPostprocessing = 0;
			shellPath = /bin/sh;
			shellScript = "\"${SRCROOT}/Pods/Target Support Files/Pods-Ora Challenge/Pods-Ora Challenge-resources.sh\"\n";
			showEnvVarsInLog = 0;
		};
		DE35C0800F064AA228442CD1 /* [CP] Embed Pods Frameworks */ = {
			isa = PBXShellScriptBuildPhase;
			buildActionMask = 2147483647;
			files = (
			);
			inputPaths = (
			);
			name = "[CP] Embed Pods Frameworks";
			outputPaths = (
			);
			runOnlyForDeploymentPostprocessing = 0;
			shellPath = /bin/sh;
			shellScript = "\"${SRCROOT}/Pods/Target Support Files/Pods-Ora Challenge/Pods-Ora Challenge-frameworks.sh\"\n";
			showEnvVarsInLog = 0;
		};
		E729A199229AF3AC1301CFBA /* [CP] Check Pods Manifest.lock */ = {
			isa = PBXShellScriptBuildPhase;
			buildActionMask = 2147483647;
			files = (
			);
			inputPaths = (
			);
			name = "[CP] Check Pods Manifest.lock";
			outputPaths = (
			);
			runOnlyForDeploymentPostprocessing = 0;
			shellPath = /bin/sh;
			shellScript = "diff \"${PODS_PODFILE_DIR_PATH}/Podfile.lock\" \"${PODS_ROOT}/Manifest.lock\" > /dev/null\nif [ $? != 0 ] ; then\n    # print error to STDERR\n    echo \"error: The sandbox is not in sync with the Podfile.lock. Run 'pod install' or update your CocoaPods installation.\" >&2\n    exit 1\nfi\n";
			showEnvVarsInLog = 0;
		};
/* End PBXShellScriptBuildPhase section */

/* Begin PBXSourcesBuildPhase section */
		D92376961F7023AA007F1C8B /* Sources */ = {
			isa = PBXSourcesBuildPhase;
			buildActionMask = 2147483647;
			files = (
				D92376A01F7023AA007F1C8B /* ViewController.swift in Sources */,
				D96C1B651F7047EB004C5B7C /* ChatTableViewCell.swift in Sources */,
				D96C1B691F7098BA004C5B7C /* Message.swift in Sources */,
				D92376B61F7044B3007F1C8B /* Chat.swift in Sources */,
				D923769E1F7023AA007F1C8B /* AppDelegate.swift in Sources */,
			);
			runOnlyForDeploymentPostprocessing = 0;
		};
/* End PBXSourcesBuildPhase section */

/* Begin PBXVariantGroup section */
		D92376A11F7023AA007F1C8B /* Main.storyboard */ = {
			isa = PBXVariantGroup;
			children = (
				D92376A21F7023AA007F1C8B /* Base */,
			);
			name = Main.storyboard;
			sourceTree = "<group>";
		};
		D92376A61F7023AA007F1C8B /* LaunchScreen.storyboard */ = {
			isa = PBXVariantGroup;
			children = (
				D92376A71F7023AA007F1C8B /* Base */,
			);
			name = LaunchScreen.storyboard;
			sourceTree = "<group>";
		};
/* End PBXVariantGroup section */

/* Begin XCBuildConfiguration section */
		D92376AA1F7023AA007F1C8B /* Debug */ = {
			isa = XCBuildConfiguration;
			buildSettings = {
				ALWAYS_SEARCH_USER_PATHS = NO;
				CLANG_ANALYZER_NONNULL = YES;
				CLANG_ANALYZER_NUMBER_OBJECT_CONVERSION = YES_AGGRESSIVE;
				CLANG_CXX_LANGUAGE_STANDARD = "gnu++0x";
				CLANG_CXX_LIBRARY = "libc++";
				CLANG_ENABLE_MODULES = YES;
				CLANG_ENABLE_OBJC_ARC = YES;
				CLANG_WARN_BOOL_CONVERSION = YES;
				CLANG_WARN_CONSTANT_CONVERSION = YES;
				CLANG_WARN_DIRECT_OBJC_ISA_USAGE = YES_ERROR;
				CLANG_WARN_DOCUMENTATION_COMMENTS = YES;
				CLANG_WARN_EMPTY_BODY = YES;
				CLANG_WARN_ENUM_CONVERSION = YES;
				CLANG_WARN_INFINITE_RECURSION = YES;
				CLANG_WARN_INT_CONVERSION = YES;
				CLANG_WARN_OBJC_ROOT_CLASS = YES_ERROR;
				CLANG_WARN_SUSPICIOUS_MOVE = YES;
				CLANG_WARN_UNREACHABLE_CODE = YES;
				CLANG_WARN__DUPLICATE_METHOD_MATCH = YES;
				"CODE_SIGN_IDENTITY[sdk=iphoneos*]" = "iPhone Developer";
				COPY_PHASE_STRIP = NO;
				DEBUG_INFORMATION_FORMAT = dwarf;
				ENABLE_STRICT_OBJC_MSGSEND = YES;
				ENABLE_TESTABILITY = YES;
				GCC_C_LANGUAGE_STANDARD = gnu99;
				GCC_DYNAMIC_NO_PIC = NO;
				GCC_NO_COMMON_BLOCKS = YES;
				GCC_OPTIMIZATION_LEVEL = 0;
				GCC_PREPROCESSOR_DEFINITIONS = (
					"DEBUG=1",
					"$(inherited)",
				);
				GCC_WARN_64_TO_32_BIT_CONVERSION = YES;
				GCC_WARN_ABOUT_RETURN_TYPE = YES_ERROR;
				GCC_WARN_UNDECLARED_SELECTOR = YES;
				GCC_WARN_UNINITIALIZED_AUTOS = YES_AGGRESSIVE;
				GCC_WARN_UNUSED_FUNCTION = YES;
				GCC_WARN_UNUSED_VARIABLE = YES;
				IPHONEOS_DEPLOYMENT_TARGET = 10.3;
				MTL_ENABLE_DEBUG_INFO = YES;
				ONLY_ACTIVE_ARCH = YES;
				SDKROOT = iphoneos;
				SWIFT_ACTIVE_COMPILATION_CONDITIONS = DEBUG;
				SWIFT_OPTIMIZATION_LEVEL = "-Onone";
				TARGETED_DEVICE_FAMILY = "1,2";
			};
			name = Debug;
		};
		D92376AB1F7023AA007F1C8B /* Release */ = {
			isa = XCBuildConfiguration;
			buildSettings = {
				ALWAYS_SEARCH_USER_PATHS = NO;
				CLANG_ANALYZER_NONNULL = YES;
				CLANG_ANALYZER_NUMBER_OBJECT_CONVERSION = YES_AGGRESSIVE;
				CLANG_CXX_LANGUAGE_STANDARD = "gnu++0x";
				CLANG_CXX_LIBRARY = "libc++";
				CLANG_ENABLE_MODULES = YES;
				CLANG_ENABLE_OBJC_ARC = YES;
				CLANG_WARN_BOOL_CONVERSION = YES;
				CLANG_WARN_CONSTANT_CONVERSION = YES;
				CLANG_WARN_DIRECT_OBJC_ISA_USAGE = YES_ERROR;
				CLANG_WARN_DOCUMENTATION_COMMENTS = YES;
				CLANG_WARN_EMPTY_BODY = YES;
				CLANG_WARN_ENUM_CONVERSION = YES;
				CLANG_WARN_INFINITE_RECURSION = YES;
				CLANG_WARN_INT_CONVERSION = YES;
				CLANG_WARN_OBJC_ROOT_CLASS = YES_ERROR;
				CLANG_WARN_SUSPICIOUS_MOVE = YES;
				CLANG_WARN_UNREACHABLE_CODE = YES;
				CLANG_WARN__DUPLICATE_METHOD_MATCH = YES;
				"CODE_SIGN_IDENTITY[sdk=iphoneos*]" = "iPhone Developer";
				COPY_PHASE_STRIP = NO;
				DEBUG_INFORMATION_FORMAT = "dwarf-with-dsym";
				ENABLE_NS_ASSERTIONS = NO;
				ENABLE_STRICT_OBJC_MSGSEND = YES;
				GCC_C_LANGUAGE_STANDARD = gnu99;
				GCC_NO_COMMON_BLOCKS = YES;
				GCC_WARN_64_TO_32_BIT_CONVERSION = YES;
				GCC_WARN_ABOUT_RETURN_TYPE = YES_ERROR;
				GCC_WARN_UNDECLARED_SELECTOR = YES;
				GCC_WARN_UNINITIALIZED_AUTOS = YES_AGGRESSIVE;
				GCC_WARN_UNUSED_FUNCTION = YES;
				GCC_WARN_UNUSED_VARIABLE = YES;
				IPHONEOS_DEPLOYMENT_TARGET = 10.3;
				MTL_ENABLE_DEBUG_INFO = NO;
				SDKROOT = iphoneos;
				SWIFT_OPTIMIZATION_LEVEL = "-Owholemodule";
				TARGETED_DEVICE_FAMILY = "1,2";
				VALIDATE_PRODUCT = YES;
			};
			name = Release;
		};
		D92376AD1F7023AA007F1C8B /* Debug */ = {
			isa = XCBuildConfiguration;
			baseConfigurationReference = 35C68BCC390F0A800195D682 /* Pods-Ora Challenge.debug.xcconfig */;
			buildSettings = {
				ASSETCATALOG_COMPILER_APPICON_NAME = AppIcon;
				DEVELOPMENT_TEAM = 57Y2SM9MF7;
				INFOPLIST_FILE = "Ora Challenge/Info.plist";
				LD_RUNPATH_SEARCH_PATHS = "$(inherited) @executable_path/Frameworks";
				PRODUCT_BUNDLE_IDENTIFIER = "com.Ora.Ora-Challenge";
				PRODUCT_NAME = "$(TARGET_NAME)";
				SWIFT_VERSION = 3.0;
			};
			name = Debug;
		};
		D92376AE1F7023AA007F1C8B /* Release */ = {
			isa = XCBuildConfiguration;
			baseConfigurationReference = A521E35F3A0746A7721DF9E9 /* Pods-Ora Challenge.release.xcconfig */;
			buildSettings = {
				ASSETCATALOG_COMPILER_APPICON_NAME = AppIcon;
				DEVELOPMENT_TEAM = 57Y2SM9MF7;
				INFOPLIST_FILE = "Ora Challenge/Info.plist";
				LD_RUNPATH_SEARCH_PATHS = "$(inherited) @executable_path/Frameworks";
				PRODUCT_BUNDLE_IDENTIFIER = "com.Ora.Ora-Challenge";
				PRODUCT_NAME = "$(TARGET_NAME)";
				SWIFT_VERSION = 3.0;
			};
			name = Release;
		};
/* End XCBuildConfiguration section */

/* Begin XCConfigurationList section */
		D92376951F7023A9007F1C8B /* Build configuration list for PBXProject "Ora Challenge" */ = {
			isa = XCConfigurationList;
			buildConfigurations = (
				D92376AA1F7023AA007F1C8B /* Debug */,
				D92376AB1F7023AA007F1C8B /* Release */,
			);
			defaultConfigurationIsVisible = 0;
			defaultConfigurationName = Release;
		};
		D92376AC1F7023AA007F1C8B /* Build configuration list for PBXNativeTarget "Ora Challenge" */ = {
			isa = XCConfigurationList;
			buildConfigurations = (
				D92376AD1F7023AA007F1C8B /* Debug */,
				D92376AE1F7023AA007F1C8B /* Release */,
			);
			defaultConfigurationIsVisible = 0;
			defaultConfigurationName = Release;
		};
/* End XCConfigurationList section */
	};
	rootObject = D92376921F7023A9007F1C8B /* Project object */;
}
